
Microsoft Visual Studio Solution File, Format Version 12.00
# Visual Studio 2013
VisualStudioVersion = 12.0.21005.1
MinimumVisualStudioVersion = 10.0.40219.1
Project("{FAE04EC0-301F-11D3-BF4B-00C04F79EFBC}") = "SierraAPI", "SierraAPI\SierraAPI.csproj", "{178F3B30-BED4-4376-8A0F-FDF41F59106B}"
EndProject
Project("{FAE04EC0-301F-11D3-BF4B-00C04F79EFBC}") = "APITester", "APITester\APITester.csproj", "{757CFA63-9B96-4AF2-A2AE-C1BA01E043B6}"
EndProject
Global
	GlobalSection(TeamFoundationVersionControl) = preSolution
		SccNumberOfProjects = 3
		SccEnterpriseProvider = {4CA58AB2-18FA-4F8D-95D4-32DDF27D184C}
		SccTeamFoundationServer = http://webtfsapp:8080/tfs/plch
		SccProjectUniqueName0 = APITester\\APITester.csproj
		SccProjectName0 = APITester
		SccLocalPath0 = APITester
		SccLocalPath1 = .
		SccProjectUniqueName2 = SierraAPI\\SierraAPI.csproj
		SccProjectName2 = SierraAPI
		SccLocalPath2 = SierraAPI
	EndGlobalSection
	GlobalSection(SolutionConfigurationPlatforms) = preSolution
		Debug|Any CPU = Debug|Any CPU
		Release|Any CPU = Release|Any CPU
	EndGlobalSection
	GlobalSection(ProjectConfigurationPlatforms) = postSolution
		{178F3B30-BED4-4376-8A0F-FDF41F59106B}.Debug|Any CPU.ActiveCfg = Debug|Any CPU
		{178F3B30-BED4-4376-8A0F-FDF41F59106B}.Debug|Any CPU.Build.0 = Debug|Any CPU
		{178F3B30-BED4-4376-8A0F-FDF41F59106B}.Release|Any CPU.ActiveCfg = Release|Any CPU
		{178F3B30-BED4-4376-8A0F-FDF41F59106B}.Release|Any CPU.Build.0 = Release|Any CPU
		{757CFA63-9B96-4AF2-A2AE-C1BA01E043B6}.Debug|Any CPU.ActiveCfg = Debug|Any CPU
		{757CFA63-9B96-4AF2-A2AE-C1BA01E043B6}.Debug|Any CPU.Build.0 = Debug|Any CPU
		{757CFA63-9B96-4AF2-A2AE-C1BA01E043B6}.Release|Any CPU.ActiveCfg = Release|Any CPU
		{757CFA63-9B96-4AF2-A2AE-C1BA01E043B6}.Release|Any CPU.Build.0 = Release|Any CPU
	EndGlobalSection
	GlobalSection(SolutionProperties) = preSolution
		HideSolutionNode = FALSE
	EndGlobalSection
EndGlobal
